
Microsoft Visual Studio Solution File, Format Version 12.00
# Visual Studio Version 17
VisualStudioVersion = 17.5.002.0
MinimumVisualStudioVersion = 10.0.40219.1
Project("{9A19103F-16F7-4668-BE54-9A1E7A4F7556}") = "api", "api\api.csproj", "{4E8FA8EA-CE7E-406D-8F15-AB4CD2F7151F}"
EndProject
Global
	GlobalSection(SolutionConfigurationPlatforms) = preSolution
		Debug|Any CPU = Debug|Any CPU
		Release|Any CPU = Release|Any CPU
	EndGlobalSection
	GlobalSection(ProjectConfigurationPlatforms) = postSolution
		{4E8FA8EA-CE7E-406D-8F15-AB4CD2F7151F}.Debug|Any CPU.ActiveCfg = Debug|Any CPU
		{4E8FA8EA-CE7E-406D-8F15-AB4CD2F7151F}.Debug|Any CPU.Build.0 = Debug|Any CPU
		{4E8FA8EA-CE7E-406D-8F15-AB4CD2F7151F}.Release|Any CPU.ActiveCfg = Release|Any CPU
		{4E8FA8EA-CE7E-406D-8F15-AB4CD2F7151F}.Release|Any CPU.Build.0 = Release|Any CPU
	EndGlobalSection
	GlobalSection(SolutionProperties) = preSolution
		HideSolutionNode = FALSE
	EndGlobalSection
	GlobalSection(ExtensibilityGlobals) = postSolution
		SolutionGuid = {A713BE33-7C06-4908-B3CA-9291A6631139}
	EndGlobalSection
EndGlobal
